Microsoft Visual Studio Solution File, Format Version 11.00
# Visual Studio 2008

Project("{77C0189F-BEAE-E508-C823-A54BD0AE72A7}") = "CPSC340P_2", "Assembly-CSharp.csproj", "{54A517F6-06A8-8225-71E1-B0B650120FE4}"
EndProject
Global
	GlobalSection(SolutionConfigurationPlatforms) = preSolution
		Debug|Any CPU = Debug|Any CPU
		Release|Any CPU = Release|Any CPU
	EndGlobalSection
	GlobalSection(ProjectConfigurationPlatforms) = postSolution
		{54A517F6-06A8-8225-71E1-B0B650120FE4}.Debug|Any CPU.ActiveCfg = Debug|Any CPU
		{54A517F6-06A8-8225-71E1-B0B650120FE4}.Debug|Any CPU.Build.0 = Debug|Any CPU
		{54A517F6-06A8-8225-71E1-B0B650120FE4}.Release|Any CPU.ActiveCfg = Release|Any CPU
		{54A517F6-06A8-8225-71E1-B0B650120FE4}.Release|Any CPU.Build.0 = Release|Any CPU
	EndGlobalSection
	GlobalSection(SolutionProperties) = preSolution
		HideSolutionNode = FALSE
	EndGlobalSection
	GlobalSection(MonoDevelopProperties) = preSolution
		StartupItem = Assembly-CSharp.csproj
	EndGlobalSection
EndGlobal
